
Microsoft Visual Studio Solution File, Format Version 12.00
# Visual Studio Version 17
VisualStudioVersion = 17.2.32602.215
MinimumVisualStudioVersion = 10.0.40219.1
Project("{FAE04EC0-301F-11D3-BF4B-00C04F79EFBC}") = "Proovitoo", "Proovitoo\Proovitoo.csproj", "{6206C9AB-D805-4C54-9FEC-7A958190DAC4}"
EndProject
Global
	GlobalSection(SolutionConfigurationPlatforms) = preSolution
		Debug|Any CPU = Debug|Any CPU
		Release|Any CPU = Release|Any CPU
	EndGlobalSection
	GlobalSection(ProjectConfigurationPlatforms) = postSolution
		{6206C9AB-D805-4C54-9FEC-7A958190DAC4}.Debug|Any CPU.ActiveCfg = Debug|Any CPU
		{6206C9AB-D805-4C54-9FEC-7A958190DAC4}.Debug|Any CPU.Build.0 = Debug|Any CPU
		{6206C9AB-D805-4C54-9FEC-7A958190DAC4}.Release|Any CPU.ActiveCfg = Release|Any CPU
		{6206C9AB-D805-4C54-9FEC-7A958190DAC4}.Release|Any CPU.Build.0 = Release|Any CPU
	EndGlobalSection
	GlobalSection(SolutionProperties) = preSolution
		HideSolutionNode = FALSE
	EndGlobalSection
	GlobalSection(ExtensibilityGlobals) = postSolution
		SolutionGuid = {E22AF65D-B84D-4D0F-BC83-7FD7A044D732}
	EndGlobalSection
EndGlobal
